// !$*UTF8*$!
{
	archiveVersion = 1;
	classes = {
	};
	objectVersion = 46;
	objects = {

/* Begin PBXBuildFile section */
		CC08FE671A013413002B879F /* AppDelegate.swift in Sources */ = {isa = PBXBuildFile; fileRef = CC08FE661A013413002B879F /* AppDelegate.swift */; };
		CC08FE6A1A013413002B879F /* testingSwift.xcdatamodeld in Sources */ = {isa = PBXBuildFile; fileRef = CC08FE681A013413002B879F /* testingSwift.xcdatamodeld */; };
		CC08FE6C1A013413002B879F /* ViewController.swift in Sources */ = {isa = PBXBuildFile; fileRef = CC08FE6B1A013413002B879F /* ViewController.swift */; };
		CC08FE6F1A013413002B879F /* Main.storyboard in Resources */ = {isa = PBXBuildFile; fileRef = CC08FE6D1A013413002B879F /* Main.storyboard */; };
		CC08FE711A013413002B879F /* Images.xcassets in Resources */ = {isa = PBXBuildFile; fileRef = CC08FE701A013413002B879F /* Images.xcassets */; };
		CC08FE741A013413002B879F /* LaunchScreen.xib in Resources */ = {isa = PBXBuildFile; fileRef = CC08FE721A013413002B879F /* LaunchScreen.xib */; };
		CC08FE801A013413002B879F /* testingSwiftTests.swift in Sources */ = {isa = PBXBuildFile; fileRef = CC08FE7F1A013413002B879F /* testingSwiftTests.swift */; };
/* End PBXBuildFile section */

/* Begin PBXContainerItemProxy section */
		CC08FE7A1A013413002B879F /* PBXContainerItemProxy */ = {
			isa = PBXContainerItemProxy;
			containerPortal = CC08FE591A013413002B879F /* Project object */;
			proxyType = 1;
			remoteGlobalIDString = CC08FE601A013413002B879F;
			remoteInfo = testingSwift;
		};
/* End PBXContainerItemProxy section */

/* Begin PBXFileReference section */
		CC08FE611A013413002B879F /* testingSwift.app */ = {isa = PBXFileReference; explicitFileType = wrapper.application; includeInIndex = 0; path = testingSwift.app; sourceTree = BUILT_PRODUCTS_DIR; };
		CC08FE651A013413002B879F /* Info.plist */ = {isa = PBXFileReference; lastKnownFileType = text.plist.xml; path = Info.plist; sourceTree = "<group>"; };
		CC08FE661A013413002B879F /* AppDelegate.swift */ = {isa = PBXFileReference; lastKnownFileType = sourcecode.swift; path = AppDelegate.swift; sourceTree = "<group>"; };
		CC08FE691A013413002B879F /* testingSwift.xcdatamodel */ = {isa = PBXFileReference; lastKnownFileType = wrapper.xcdatamodel; path = testingSwift.xcdatamodel; sourceTree = "<group>"; };
		CC08FE6B1A013413002B879F /* ViewController.swift */ = {isa = PBXFileReference; lastKnownFileType = sourcecode.swift; path = ViewController.swift; sourceTree = "<group>"; };
		CC08FE6E1A013413002B879F /* Base */ = {isa = PBXFileReference; lastKnownFileType = file.storyboard; name = Base; path = Base.lproj/Main.storyboard; sourceTree = "<group>"; };
		CC08FE701A013413002B879F /* Images.xcassets */ = {isa = PBXFileReference; lastKnownFileType = folder.assetcatalog; path = Images.xcassets; sourceTree = "<group>"; };
		CC08FE731A013413002B879F /* Base */ = {isa = PBXFileReference; lastKnownFileType = file.xib; name = Base; path = Base.lproj/LaunchScreen.xib; sourceTree = "<group>"; };
		CC08FE791A013413002B879F /* testingSwiftTests.xctest */ = {isa = PBXFileReference; explicitFileType = wrapper.cfbundle; includeInIndex = 0; path = testingSwiftTests.xctest; sourceTree = BUILT_PRODUCTS_DIR; };
		CC08FE7E1A013413002B879F /* Info.plist */ = {isa = PBXFileReference; lastKnownFileType = text.plist.xml; path = Info.plist; sourceTree = "<group>"; };
		CC08FE7F1A013413002B879F /* testingSwiftTests.swift */ = {isa = PBXFileReference; lastKnownFileType = sourcecode.swift; path = testingSwiftTests.swift; sourceTree = "<group>"; };
/* End PBXFileReference section */

/* Begin PBXFrameworksBuildPhase section */
		CC08FE5E1A013413002B879F /* Frameworks */ = {
			isa = PBXFrameworksBuildPhase;
			buildActionMask = 2147483647;
			files = (
			);
			runOnlyForDeploymentPostprocessing = 0;
		};
		CC08FE761A013413002B879F /* Frameworks */ = {
			isa = PBXFrameworksBuildPhase;
			buildActionMask = 2147483647;
			files = (
			);
			runOnlyForDeploymentPostprocessing = 0;
		};
/* End PBXFrameworksBuildPhase section */

/* Begin PBXGroup section */
		CC08FE581A013413002B879F = {
			isa = PBXGroup;
			children = (
				CC08FE631A013413002B879F /* testingSwift */,
				CC08FE7C1A013413002B879F /* testingSwiftTests */,
				CC08FE621A013413002B879F /* Products */,
			);
			sourceTree = "<group>";
		};
		CC08FE621A013413002B879F /* Products */ = {
			isa = PBXGroup;
			children = (
				CC08FE611A013413002B879F /* testingSwift.app */,
				CC08FE791A013413002B879F /* testingSwiftTests.xctest */,
			);
			name = Products;
			sourceTree = "<group>";
		};
		CC08FE631A013413002B879F /* testingSwift */ = {
			isa = PBXGroup;
			children = (
				CC08FE661A013413002B879F /* AppDelegate.swift */,
				CC08FE6B1A013413002B879F /* ViewController.swift */,
				CC08FE6D1A013413002B879F /* Main.storyboard */,
				CC08FE701A013413002B879F /* Images.xcassets */,
				CC08FE721A013413002B879F /* LaunchScreen.xib */,
				CC08FE681A013413002B879F /* testingSwift.xcdatamodeld */,
				CC08FE641A013413002B879F /* Supporting Files */,
			);
			path = testingSwift;
			sourceTree = "<group>";
		};
		CC08FE641A013413002B879F /* Supporting Files */ = {
			isa = PBXGroup;
			children = (
				CC08FE651A013413002B879F /* Info.plist */,
			);
			name = "Supporting Files";
			sourceTree = "<group>";
		};
		CC08FE7C1A013413002B879F /* testingSwiftTests */ = {
			isa = PBXGroup;
			children = (
				CC08FE7F1A013413002B879F /* testingSwiftTests.swift */,
				CC08FE7D1A013413002B879F /* Supporting Files */,
			);
			path = testingSwiftTests;
			sourceTree = "<group>";
		};
		CC08FE7D1A013413002B879F /* Supporting Files */ = {
			isa = PBXGroup;
			children = (
				CC08FE7E1A013413002B879F /* Info.plist */,
			);
			name = "Supporting Files";
			sourceTree = "<group>";
		};
/* End PBXGroup section */

/* Begin PBXNativeTarget section */
		CC08FE601A013413002B879F /* testingSwift */ = {
			isa = PBXNativeTarget;
			buildConfigurationList = CC08FE831A013413002B879F /* Build configuration list for PBXNativeTarget "testingSwift" */;
			buildPhases = (
				CC08FE5D1A013413002B879F /* Sources */,
				CC08FE5E1A013413002B879F /* Frameworks */,
				CC08FE5F1A013413002B879F /* Resources */,
			);
			buildRules = (
			);
			dependencies = (
			);
			name = testingSwift;
			productName = testingSwift;
			productReference = CC08FE611A013413002B879F /* testingSwift.app */;
			productType = "com.apple.product-type.application";
		};
		CC08FE781A013413002B879F /* testingSwiftTests */ = {
			isa = PBXNativeTarget;
			buildConfigurationList = CC08FE861A013413002B879F /* Build configuration list for PBXNativeTarget "testingSwiftTests" */;
			buildPhases = (
				CC08FE751A013413002B879F /* Sources */,
				CC08FE761A013413002B879F /* Frameworks */,
				CC08FE771A013413002B879F /* Resources */,
			);
			buildRules = (
			);
			dependencies = (
				CC08FE7B1A013413002B879F /* PBXTargetDependency */,
			);
			name = testingSwiftTests;
			productName = testingSwiftTests;
			productReference = CC08FE791A013413002B879F /* testingSwiftTests.xctest */;
			productType = "com.apple.product-type.bundle.unit-test";
		};
/* End PBXNativeTarget section */

/* Begin PBXProject section */
		CC08FE591A013413002B879F /* Project object */ = {
			isa = PBXProject;
			attributes = {
				LastUpgradeCheck = 0600;
				ORGANIZATIONNAME = "MIKE LAND";
				TargetAttributes = {
					CC08FE601A013413002B879F = {
						CreatedOnToolsVersion = 6.0.1;
					};
					CC08FE781A013413002B879F = {
						CreatedOnToolsVersion = 6.0.1;
						TestTargetID = CC08FE601A013413002B879F;
					};
				};
			};
			buildConfigurationList = CC08FE5C1A013413002B879F /* Build configuration list for PBXProject "testingSwift" */;
			compatibilityVersion = "Xcode 3.2";
			developmentRegion = English;
			hasScannedForEncodings = 0;
			knownRegions = (
				en,
				Base,
			);
			mainGroup = CC08FE581A013413002B879F;
			productRefGroup = CC08FE621A013413002B879F /* Products */;
			projectDirPath = "";
			projectRoot = "";
			targets = (
				CC08FE601A013413002B879F /* testingSwift */,
				CC08FE781A013413002B879F /* testingSwiftTests */,
			);
		};
/* End PBXProject section */

/* Begin PBXResourcesBuildPhase section */
		CC08FE5F1A013413002B879F /* Resources */ = {
			isa = PBXResourcesBuildPhase;
			buildActionMask = 2147483647;
			files = (
				CC08FE6F1A013413002B879F /* Main.storyboard in Resources */,
				CC08FE741A013413002B879F /* LaunchScreen.xib in Resources */,
				CC08FE711A013413002B879F /* Images.xcassets in Resources */,
			);
			runOnlyForDeploymentPostprocessing = 0;
		};
		CC08FE771A013413002B879F /* Resources */ = {
			isa = PBXResourcesBuildPhase;
			buildActionMask = 2147483647;
			files = (
			);
			runOnlyForDeploymentPostprocessing = 0;
		};
/* End PBXResourcesBuildPhase section */

/* Begin PBXSourcesBuildPhase section */
		CC08FE5D1A013413002B879F /* Sources */ = {
			isa = PBXSourcesBuildPhase;
			buildActionMask = 2147483647;
			files = (
				CC08FE6C1A013413002B879F /* ViewController.swift in Sources */,
				CC08FE6A1A013413002B879F /* testingSwift.xcdatamodeld in Sources */,
				CC08FE671A013413002B879F /* AppDelegate.swift in Sources */,
			);
			runOnlyForDeploymentPostprocessing = 0;
		};
		CC08FE751A013413002B879F /* Sources */ = {
			isa = PBXSourcesBuildPhase;
			buildActionMask = 2147483647;
			files = (
				CC08FE801A013413002B879F /* testingSwiftTests.swift in Sources */,
			);
			runOnlyForDeploymentPostprocessing = 0;
		};
/* End PBXSourcesBuildPhase section */

/* Begin PBXTargetDependency section */
		CC08FE7B1A013413002B879F /* PBXTargetDependency */ = {
			isa = PBXTargetDependency;
			target = CC08FE601A013413002B879F /* testingSwift */;
			targetProxy = CC08FE7A1A013413002B879F /* PBXContainerItemProxy */;
		};
/* End PBXTargetDependency section */

/* Begin PBXVariantGroup section */
		CC08FE6D1A013413002B879F /* Main.storyboard */ = {
			isa = PBXVariantGroup;
			children = (
				CC08FE6E1A013413002B879F /* Base */,
			);
			name = Main.storyboard;
			sourceTree = "<group>";
		};
		CC08FE721A013413002B879F /* LaunchScreen.xib */ = {
			isa = PBXVariantGroup;
			children = (
				CC08FE731A013413002B879F /* Base */,
			);
			name = LaunchScreen.xib;
			sourceTree = "<group>";
		};
/* End PBXVariantGroup section */

/* Begin XCBuildConfiguration section */
		CC08FE811A013413002B879F /* Debug */ = {
			isa = XCBuildConfiguration;
			buildSettings = {
				ALWAYS_SEARCH_USER_PATHS = NO;
				CLANG_CXX_LANGUAGE_STANDARD = "gnu++0x";
				CLANG_CXX_LIBRARY = "libc++";
				CLANG_ENABLE_MODULES = YES;
				CLANG_ENABLE_OBJC_ARC = YES;
				CLANG_WARN_BOOL_CONVERSION = YES;
				CLANG_WARN_CONSTANT_CONVERSION = YES;
				CLANG_WARN_DIRECT_OBJC_ISA_USAGE = YES_ERROR;
				CLANG_WARN_EMPTY_BODY = YES;
				CLANG_WARN_ENUM_CONVERSION = YES;
				CLANG_WARN_INT_CONVERSION = YES;
				CLANG_WARN_OBJC_ROOT_CLASS = YES_ERROR;
				CLANG_WARN_UNREACHABLE_CODE = YES;
				CLANG_WARN__DUPLICATE_METHOD_MATCH = YES;
				"CODE_SIGN_IDENTITY[sdk=iphoneos*]" = "iPhone Developer";
				COPY_PHASE_STRIP = NO;
				ENABLE_STRICT_OBJC_MSGSEND = YES;
				GCC_C_LANGUAGE_STANDARD = gnu99;
				GCC_DYNAMIC_NO_PIC = NO;
				GCC_OPTIMIZATION_LEVEL = 0;
				GCC_PREPROCESSOR_DEFINITIONS = (
					"DEBUG=1",
					"$(inherited)",
				);
				GCC_SYMBOLS_PRIVATE_EXTERN = NO;
				GCC_WARN_64_TO_32_BIT_CONVERSION = YES;
				GCC_WARN_ABOUT_RETURN_TYPE = YES_ERROR;
				GCC_WARN_UNDECLARED_SELECTOR = YES;
				GCC_WARN_UNINITIALIZED_AUTOS = YES_AGGRESSIVE;
				GCC_WARN_UNUSED_FUNCTION = YES;
				GCC_WARN_UNUSED_VARIABLE = YES;
				IPHONEOS_DEPLOYMENT_TARGET = 8.0;
				MTL_ENABLE_DEBUG_INFO = YES;
				ONLY_ACTIVE_ARCH = YES;
				SDKROOT = iphoneos;
				SWIFT_OPTIMIZATION_LEVEL = "-Onone";
			};
			name = Debug;
		};
		CC08FE821A013413002B879F /* Release */ = {
			isa = XCBuildConfiguration;
			buildSettings = {
				ALWAYS_SEARCH_USER_PATHS = NO;
				CLANG_CXX_LANGUAGE_STANDARD = "gnu++0x";
				CLANG_CXX_LIBRARY = "libc++";
				CLANG_ENABLE_MODULES = YES;
				CLANG_ENABLE_OBJC_ARC = YES;
				CLANG_WARN_BOOL_CONVERSION = YES;
				CLANG_WARN_CONSTANT_CONVERSION = YES;
				CLANG_WARN_DIRECT_OBJC_ISA_USAGE = YES_ERROR;
				CLANG_WARN_EMPTY_BODY = YES;
				CLANG_WARN_ENUM_CONVERSION = YES;
				CLANG_WARN_INT_CONVERSION = YES;
				CLANG_WARN_OBJC_ROOT_CLASS = YES_ERROR;
				CLANG_WARN_UNREACHABLE_CODE = YES;
				CLANG_WARN__DUPLICATE_METHOD_MATCH = YES;
				"CODE_SIGN_IDENTITY[sdk=iphoneos*]" = "iPhone Developer";
				COPY_PHASE_STRIP = YES;
				ENABLE_NS_ASSERTIONS = NO;
				ENABLE_STRICT_OBJC_MSGSEND = YES;
				GCC_C_LANGUAGE_STANDARD = gnu99;
				GCC_WARN_64_TO_32_BIT_CONVERSION = YES;
				GCC_WARN_ABOUT_RETURN_TYPE = YES_ERROR;
				GCC_WARN_UNDECLARED_SELECTOR = YES;
				GCC_WARN_UNINITIALIZED_AUTOS = YES_AGGRESSIVE;
				GCC_WARN_UNUSED_FUNCTION = YES;
				GCC_WARN_UNUSED_VARIABLE = YES;
				IPHONEOS_DEPLOYMENT_TARGET = 8.0;
				MTL_ENABLE_DEBUG_INFO = NO;
				SDKROOT = iphoneos;
				VALIDATE_PRODUCT = YES;
			};
			name = Release;
		};
		CC08FE841A013413002B879F /* Debug */ = {
			isa = XCBuildConfiguration;
			buildSettings = {
				ASSETCATALOG_COMPILER_APPICON_NAME = AppIcon;
				INFOPLIST_FILE = testingSwift/Info.plist;
				LD_RUNPATH_SEARCH_PATHS = "$(inherited) @executable_path/Frameworks";
				PRODUCT_NAME = "$(TARGET_NAME)";
			};
			name = Debug;
		};
		CC08FE851A013413002B879F /* Release */ = {
			isa = XCBuildConfiguration;
			buildSettings = {
				ASSETCATALOG_COMPILER_APPICON_NAME = AppIcon;
				INFOPLIST_FILE = testingSwift/Info.plist;
				LD_RUNPATH_SEARCH_PATHS = "$(inherited) @executable_path/Frameworks";
				PRODUCT_NAME = "$(TARGET_NAME)";
			};
			name = Release;
		};
		CC08FE871A013413002B879F /* Debug */ = {
			isa = XCBuildConfiguration;
			buildSettings = {
				BUNDLE_LOADER = "$(TEST_HOST)";
				FRAMEWORK_SEARCH_PATHS = (
					"$(SDKROOT)/Developer/Library/Frameworks",
					"$(inherited)",
				);
				GCC_PREPROCESSOR_DEFINITIONS = (
					"DEBUG=1",
					"$(inherited)",
				);
				INFOPLIST_FILE = testingSwiftTests/Info.plist;
				LD_RUNPATH_SEARCH_PATHS = "$(inherited) @executable_path/Frameworks @loader_path/Frameworks";
				PRODUCT_NAME = "$(TARGET_NAME)";
				TEST_HOST = "$(BUILT_PRODUCTS_DIR)/testingSwift.app/testingSwift";
			};
			name = Debug;
		};
		CC08FE881A013413002B879F /* Release */ = {
			isa = XCBuildConfiguration;
			buildSettings = {
				BUNDLE_LOADER = "$(TEST_HOST)";
				FRAMEWORK_SEARCH_PATHS = (
					"$(SDKROOT)/Developer/Library/Frameworks",
					"$(inherited)",
				);
				INFOPLIST_FILE = testingSwiftTests/Info.plist;
				LD_RUNPATH_SEARCH_PATHS = "$(inherited) @executable_path/Frameworks @loader_path/Frameworks";
				PRODUCT_NAME = "$(TARGET_NAME)";
				TEST_HOST = "$(BUILT_PRODUCTS_DIR)/testingSwift.app/testingSwift";
			};
			name = Release;
		};
/* End XCBuildConfiguration section */

/* Begin XCConfigurationList section */
		CC08FE5C1A013413002B879F /* Build configuration list for PBXProject "testingSwift" */ = {
			isa = XCConfigurationList;
			buildConfigurations = (
				CC08FE811A013413002B879F /* Debug */,
				CC08FE821A013413002B879F /* Release */,
			);
			defaultConfigurationIsVisible = 0;
			defaultConfigurationName = Release;
		};
		CC08FE831A013413002B879F /* Build configuration list for PBXNativeTarget "testingSwift" */ = {
			isa = XCConfigurationList;
			buildConfigurations = (
				CC08FE841A013413002B879F /* Debug */,
				CC08FE851A013413002B879F /* Release */,
			);
			defaultConfigurationIsVisible = 0;
		};
		CC08FE861A013413002B879F /* Build configuration list for PBXNativeTarget "testingSwiftTests" */ = {
			isa = XCConfigurationList;
			buildConfigurations = (
				CC08FE871A013413002B879F /* Debug */,
				CC08FE881A013413002B879F /* Release */,
			);
			defaultConfigurationIsVisible = 0;
		};
/* End XCConfigurationList section */

/* Begin XCVersionGroup section */
		CC08FE681A013413002B879F /* testingSwift.xcdatamodeld */ = {
			isa = XCVersionGroup;
			children = (
				CC08FE691A013413002B879F /* testingSwift.xcdatamodel */,
			);
			currentVersion = CC08FE691A013413002B879F /* testingSwift.xcdatamodel */;
			path = testingSwift.xcdatamodeld;
			sourceTree = "<group>";
			versionGroupType = wrapper.xcdatamodel;
		};
/* End XCVersionGroup section */
	};
	rootObject = CC08FE591A013413002B879F /* Project object */;
}
